
Microsoft Visual Studio Solution File, Format Version 12.00
# Visual Studio 15
VisualStudioVersion = 15.0.27130.2010
MinimumVisualStudioVersion = 10.0.40219.1
Project("{9A19103F-16F7-4668-BE54-9A1E7A4F7556}") = "Ecom.Entites", "Ecom.Entites\Ecom.Entites.csproj", "{E3FD475E-0AF1-4810-92A7-A91C9290345C}"
EndProject
Project("{9A19103F-16F7-4668-BE54-9A1E7A4F7556}") = "Ecom.Repository", "Ecom.Repository\Ecom.Repository.csproj", "{951B2CF0-838B-4D88-9756-3CBFA02FF081}"
EndProject
Project("{9A19103F-16F7-4668-BE54-9A1E7A4F7556}") = "Ecom.API", "Ecom.API\Ecom.API.csproj", "{54A83DD0-3225-4D18-99E7-E38A7415EAE7}"
EndProject
Project("{9A19103F-16F7-4668-BE54-9A1E7A4F7556}") = "Ecom.LoggerService", "Ecom.LoggerService\Ecom.LoggerService.csproj", "{CDE57C3E-CAE2-48DB-93BE-AFBB18CA164B}"
EndProject
Project("{9A19103F-16F7-4668-BE54-9A1E7A4F7556}") = "IDP", "IDP\IDP.csproj", "{95D6F876-CC97-4D1F-9FDD-23523DEF81B6}"
EndProject
Project("{9A19103F-16F7-4668-BE54-9A1E7A4F7556}") = "Marvin.IDP", "E:\Building Business Applications with Angular and ASP.NET Core\09\demos\end\TourManagement\Marvin.IDP\Marvin.IDP.csproj", "{D020349D-E79C-47A9-A83F-9B7AEBA07FF4}"
EndProject
Global
	GlobalSection(SolutionConfigurationPlatforms) = preSolution
		Debug|Any CPU = Debug|Any CPU
		Release|Any CPU = Release|Any CPU
	EndGlobalSection
	GlobalSection(ProjectConfigurationPlatforms) = postSolution
		{E3FD475E-0AF1-4810-92A7-A91C9290345C}.Debug|Any CPU.ActiveCfg = Debug|Any CPU
		{E3FD475E-0AF1-4810-92A7-A91C9290345C}.Debug|Any CPU.Build.0 = Debug|Any CPU
		{E3FD475E-0AF1-4810-92A7-A91C9290345C}.Release|Any CPU.ActiveCfg = Release|Any CPU
		{E3FD475E-0AF1-4810-92A7-A91C9290345C}.Release|Any CPU.Build.0 = Release|Any CPU
		{951B2CF0-838B-4D88-9756-3CBFA02FF081}.Debug|Any CPU.ActiveCfg = Debug|Any CPU
		{951B2CF0-838B-4D88-9756-3CBFA02FF081}.Debug|Any CPU.Build.0 = Debug|Any CPU
		{951B2CF0-838B-4D88-9756-3CBFA02FF081}.Release|Any CPU.ActiveCfg = Release|Any CPU
		{951B2CF0-838B-4D88-9756-3CBFA02FF081}.Release|Any CPU.Build.0 = Release|Any CPU
		{54A83DD0-3225-4D18-99E7-E38A7415EAE7}.Debug|Any CPU.ActiveCfg = Debug|Any CPU
		{54A83DD0-3225-4D18-99E7-E38A7415EAE7}.Debug|Any CPU.Build.0 = Debug|Any CPU
		{54A83DD0-3225-4D18-99E7-E38A7415EAE7}.Release|Any CPU.ActiveCfg = Release|Any CPU
		{54A83DD0-3225-4D18-99E7-E38A7415EAE7}.Release|Any CPU.Build.0 = Release|Any CPU
		{CDE57C3E-CAE2-48DB-93BE-AFBB18CA164B}.Debug|Any CPU.ActiveCfg = Debug|Any CPU
		{CDE57C3E-CAE2-48DB-93BE-AFBB18CA164B}.Debug|Any CPU.Build.0 = Debug|Any CPU
		{CDE57C3E-CAE2-48DB-93BE-AFBB18CA164B}.Release|Any CPU.ActiveCfg = Release|Any CPU
		{CDE57C3E-CAE2-48DB-93BE-AFBB18CA164B}.Release|Any CPU.Build.0 = Release|Any CPU
		{95D6F876-CC97-4D1F-9FDD-23523DEF81B6}.Debug|Any CPU.ActiveCfg = Debug|Any CPU
		{95D6F876-CC97-4D1F-9FDD-23523DEF81B6}.Debug|Any CPU.Build.0 = Debug|Any CPU
		{95D6F876-CC97-4D1F-9FDD-23523DEF81B6}.Release|Any CPU.ActiveCfg = Release|Any CPU
		{95D6F876-CC97-4D1F-9FDD-23523DEF81B6}.Release|Any CPU.Build.0 = Release|Any CPU
		{D020349D-E79C-47A9-A83F-9B7AEBA07FF4}.Debug|Any CPU.ActiveCfg = Debug|Any CPU
		{D020349D-E79C-47A9-A83F-9B7AEBA07FF4}.Debug|Any CPU.Build.0 = Debug|Any CPU
		{D020349D-E79C-47A9-A83F-9B7AEBA07FF4}.Release|Any CPU.ActiveCfg = Release|Any CPU
		{D020349D-E79C-47A9-A83F-9B7AEBA07FF4}.Release|Any CPU.Build.0 = Release|Any CPU
	EndGlobalSection
	GlobalSection(SolutionProperties) = preSolution
		HideSolutionNode = FALSE
	EndGlobalSection
	GlobalSection(ExtensibilityGlobals) = postSolution
		SolutionGuid = {272AE640-23E9-49CB-843C-B234D5EA9595}
	EndGlobalSection
EndGlobal
